
Microsoft Visual Studio Solution File, Format Version 12.00
# Visual Studio Version 17
VisualStudioVersion = 17.3.32825.248
MinimumVisualStudioVersion = 10.0.40219.1
Project("{FAE04EC0-301F-11D3-BF4B-00C04F79EFBC}") = "magicky ctverec", "magicky ctverec\magicky ctverec.csproj", "{8837D96D-FDD6-4DE0-B89F-3D0226E6AA82}"
EndProject
Global
	GlobalSection(SolutionConfigurationPlatforms) = preSolution
		Debug|Any CPU = Debug|Any CPU
		Release|Any CPU = Release|Any CPU
	EndGlobalSection
	GlobalSection(ProjectConfigurationPlatforms) = postSolution
		{8837D96D-FDD6-4DE0-B89F-3D0226E6AA82}.Debug|Any CPU.ActiveCfg = Debug|Any CPU
		{8837D96D-FDD6-4DE0-B89F-3D0226E6AA82}.Debug|Any CPU.Build.0 = Debug|Any CPU
		{8837D96D-FDD6-4DE0-B89F-3D0226E6AA82}.Release|Any CPU.ActiveCfg = Release|Any CPU
		{8837D96D-FDD6-4DE0-B89F-3D0226E6AA82}.Release|Any CPU.Build.0 = Release|Any CPU
	EndGlobalSection
	GlobalSection(SolutionProperties) = preSolution
		HideSolutionNode = FALSE
	EndGlobalSection
	GlobalSection(ExtensibilityGlobals) = postSolution
		SolutionGuid = {528546BF-42D3-4C75-8301-401F42B824CE}
	EndGlobalSection
EndGlobal
